
Microsoft Visual Studio Solution File, Format Version 12.00
# Visual Studio 15
VisualStudioVersion = 15.0.28307.102
MinimumVisualStudioVersion = 10.0.40219.1
Project("{FAE04EC0-301F-11D3-BF4B-00C04F79EFBC}") = "bvh", "bvh\bvh.csproj", "{7C9C215B-F250-48C7-B2B3-B468E5D0FAB3}"
EndProject
Global
	GlobalSection(SolutionConfigurationPlatforms) = preSolution
		Debug|Any CPU = Debug|Any CPU
		Release|Any CPU = Release|Any CPU
	EndGlobalSection
	GlobalSection(ProjectConfigurationPlatforms) = postSolution
		{7C9C215B-F250-48C7-B2B3-B468E5D0FAB3}.Debug|Any CPU.ActiveCfg = Debug|Any CPU
		{7C9C215B-F250-48C7-B2B3-B468E5D0FAB3}.Debug|Any CPU.Build.0 = Debug|Any CPU
		{7C9C215B-F250-48C7-B2B3-B468E5D0FAB3}.Release|Any CPU.ActiveCfg = Release|Any CPU
		{7C9C215B-F250-48C7-B2B3-B468E5D0FAB3}.Release|Any CPU.Build.0 = Release|Any CPU
	EndGlobalSection
	GlobalSection(SolutionProperties) = preSolution
		HideSolutionNode = FALSE
	EndGlobalSection
	GlobalSection(ExtensibilityGlobals) = postSolution
		SolutionGuid = {4665CEAE-E079-4158-AEC3-77257EEF54A2}
	EndGlobalSection
EndGlobal
